// !$*UTF8*$!
{
	archiveVersion = 1;
	classes = {
	};
	objectVersion = 46;
	objects = {

/* Begin PBXBuildFile section */
		0DC1BBD81D75CE36006039A4 /* main.m in Sources */ = {isa = PBXBuildFile; fileRef = 0DC1BBD71D75CE36006039A4 /* main.m */; };
		0DC1BBDB1D75CE36006039A4 /* AppDelegate.m in Sources */ = {isa = PBXBuildFile; fileRef = 0DC1BBDA1D75CE36006039A4 /* AppDelegate.m */; };
		0DC1BBDE1D75CE36006039A4 /* ViewController.m in Sources */ = {isa = PBXBuildFile; fileRef = 0DC1BBDD1D75CE36006039A4 /* ViewController.m */; };
		0DC1BBE11D75CE36006039A4 /* Main.storyboard in Resources */ = {isa = PBXBuildFile; fileRef = 0DC1BBDF1D75CE36006039A4 /* Main.storyboard */; };
		0DC1BBE31D75CE36006039A4 /* Assets.xcassets in Resources */ = {isa = PBXBuildFile; fileRef = 0DC1BBE21D75CE36006039A4 /* Assets.xcassets */; };
		0DC1BBE61D75CE36006039A4 /* LaunchScreen.storyboard in Resources */ = {isa = PBXBuildFile; fileRef = 0DC1BBE41D75CE36006039A4 /* LaunchScreen.storyboard */; };
		0DC1BBF11D75CE38006039A4 /* libNoiseDemoTests.m in Sources */ = {isa = PBXBuildFile; fileRef = 0DC1BBF01D75CE38006039A4 /* libNoiseDemoTests.m */; };
		0DC1BC031D75CE60006039A4 /* libNoiseObjC.h in Headers */ = {isa = PBXBuildFile; fileRef = 0DC1BC021D75CE60006039A4 /* libNoiseObjC.h */; settings = {ATTRIBUTES = (Public, ); }; };
		0DC1BC0A1D75CE60006039A4 /* libNoiseObjC.framework in Frameworks */ = {isa = PBXBuildFile; fileRef = 0DC1BC001D75CE60006039A4 /* libNoiseObjC.framework */; };
		0DC1BC111D75CE60006039A4 /* libNoiseObjCTests.m in Sources */ = {isa = PBXBuildFile; fileRef = 0DC1BC101D75CE60006039A4 /* libNoiseObjCTests.m */; };
		0DC1BC151D75CE60006039A4 /* libNoiseObjC.framework in Frameworks */ = {isa = PBXBuildFile; fileRef = 0DC1BC001D75CE60006039A4 /* libNoiseObjC.framework */; };
		0DC1BC161D75CE60006039A4 /* libNoiseObjC.framework in Embed Frameworks */ = {isa = PBXBuildFile; fileRef = 0DC1BC001D75CE60006039A4 /* libNoiseObjC.framework */; settings = {ATTRIBUTES = (CodeSignOnCopy, RemoveHeadersOnCopy, ); }; };
/* End PBXBuildFile section */

/* Begin PBXContainerItemProxy section */
		0DC1BBED1D75CE38006039A4 /* PBXContainerItemProxy */ = {
			isa = PBXContainerItemProxy;
			containerPortal = 0DC1BBCB1D75CE35006039A4 /* Project object */;
			proxyType = 1;
			remoteGlobalIDString = 0DC1BBD21D75CE35006039A4;
			remoteInfo = libNoiseDemo;
		};
		0DC1BC0B1D75CE60006039A4 /* PBXContainerItemProxy */ = {
			isa = PBXContainerItemProxy;
			containerPortal = 0DC1BBCB1D75CE35006039A4 /* Project object */;
			proxyType = 1;
			remoteGlobalIDString = 0DC1BBFF1D75CE60006039A4;
			remoteInfo = libNoiseObjC;
		};
		0DC1BC0D1D75CE60006039A4 /* PBXContainerItemProxy */ = {
			isa = PBXContainerItemProxy;
			containerPortal = 0DC1BBCB1D75CE35006039A4 /* Project object */;
			proxyType = 1;
			remoteGlobalIDString = 0DC1BBD21D75CE35006039A4;
			remoteInfo = libNoiseDemo;
		};
		0DC1BC131D75CE60006039A4 /* PBXContainerItemProxy */ = {
			isa = PBXContainerItemProxy;
			containerPortal = 0DC1BBCB1D75CE35006039A4 /* Project object */;
			proxyType = 1;
			remoteGlobalIDString = 0DC1BBFF1D75CE60006039A4;
			remoteInfo = libNoiseObjC;
		};
/* End PBXContainerItemProxy section */

/* Begin PBXCopyFilesBuildPhase section */
		0DC1BC1A1D75CE60006039A4 /* Embed Frameworks */ = {
			isa = PBXCopyFilesBuildPhase;
			buildActionMask = 2147483647;
			dstPath = "";
			dstSubfolderSpec = 10;
			files = (
				0DC1BC161D75CE60006039A4 /* libNoiseObjC.framework in Embed Frameworks */,
			);
			name = "Embed Frameworks";
			runOnlyForDeploymentPostprocessing = 0;
		};
/* End PBXCopyFilesBuildPhase section */

/* Begin PBXFileReference section */
		0DC1BBD31D75CE35006039A4 /* libNoiseDemo.app */ = {isa = PBXFileReference; explicitFileType = wrapper.application; includeInIndex = 0; path = libNoiseDemo.app; sourceTree = BUILT_PRODUCTS_DIR; };
		0DC1BBD71D75CE36006039A4 /* main.m */ = {isa = PBXFileReference; lastKnownFileType = sourcecode.c.objc; path = main.m; sourceTree = "<group>"; };
		0DC1BBD91D75CE36006039A4 /* AppDelegate.h */ = {isa = PBXFileReference; lastKnownFileType = sourcecode.c.h; path = AppDelegate.h; sourceTree = "<group>"; };
		0DC1BBDA1D75CE36006039A4 /* AppDelegate.m */ = {isa = PBXFileReference; lastKnownFileType = sourcecode.c.objc; path = AppDelegate.m; sourceTree = "<group>"; };
		0DC1BBDC1D75CE36006039A4 /* ViewController.h */ = {isa = PBXFileReference; lastKnownFileType = sourcecode.c.h; path = ViewController.h; sourceTree = "<group>"; };
		0DC1BBDD1D75CE36006039A4 /* ViewController.m */ = {isa = PBXFileReference; lastKnownFileType = sourcecode.c.objc; path = ViewController.m; sourceTree = "<group>"; };
		0DC1BBE01D75CE36006039A4 /* Base */ = {isa = PBXFileReference; lastKnownFileType = file.storyboard; name = Base; path = Base.lproj/Main.storyboard; sourceTree = "<group>"; };
		0DC1BBE21D75CE36006039A4 /* Assets.xcassets */ = {isa = PBXFileReference; lastKnownFileType = folder.assetcatalog; path = Assets.xcassets; sourceTree = "<group>"; };
		0DC1BBE51D75CE36006039A4 /* Base */ = {isa = PBXFileReference; lastKnownFileType = file.storyboard; name = Base; path = Base.lproj/LaunchScreen.storyboard; sourceTree = "<group>"; };
		0DC1BBE71D75CE36006039A4 /* Info.plist */ = {isa = PBXFileReference; lastKnownFileType = text.plist.xml; path = Info.plist; sourceTree = "<group>"; };
		0DC1BBEC1D75CE38006039A4 /* libNoiseDemoTests.xctest */ = {isa = PBXFileReference; explicitFileType = wrapper.cfbundle; includeInIndex = 0; path = libNoiseDemoTests.xctest; sourceTree = BUILT_PRODUCTS_DIR; };
		0DC1BBF01D75CE38006039A4 /* libNoiseDemoTests.m */ = {isa = PBXFileReference; lastKnownFileType = sourcecode.c.objc; path = libNoiseDemoTests.m; sourceTree = "<group>"; };
		0DC1BBF21D75CE38006039A4 /* Info.plist */ = {isa = PBXFileReference; lastKnownFileType = text.plist.xml; path = Info.plist; sourceTree = "<group>"; };
		0DC1BC001D75CE60006039A4 /* libNoiseObjC.framework */ = {isa = PBXFileReference; explicitFileType = wrapper.framework; includeInIndex = 0; path = libNoiseObjC.framework; sourceTree = BUILT_PRODUCTS_DIR; };
		0DC1BC021D75CE60006039A4 /* libNoiseObjC.h */ = {isa = PBXFileReference; lastKnownFileType = sourcecode.c.h; path = libNoiseObjC.h; sourceTree = "<group>"; };
		0DC1BC041D75CE60006039A4 /* Info.plist */ = {isa = PBXFileReference; lastKnownFileType = text.plist.xml; path = Info.plist; sourceTree = "<group>"; };
		0DC1BC091D75CE60006039A4 /* libNoiseObjCTests.xctest */ = {isa = PBXFileReference; explicitFileType = wrapper.cfbundle; includeInIndex = 0; path = libNoiseObjCTests.xctest; sourceTree = BUILT_PRODUCTS_DIR; };
		0DC1BC101D75CE60006039A4 /* libNoiseObjCTests.m */ = {isa = PBXFileReference; lastKnownFileType = sourcecode.c.objc; path = libNoiseObjCTests.m; sourceTree = "<group>"; };
		0DC1BC121D75CE60006039A4 /* Info.plist */ = {isa = PBXFileReference; lastKnownFileType = text.plist.xml; path = Info.plist; sourceTree = "<group>"; };
/* End PBXFileReference section */

/* Begin PBXFrameworksBuildPhase section */
		0DC1BBD01D75CE35006039A4 /* Frameworks */ = {
			isa = PBXFrameworksBuildPhase;
			buildActionMask = 2147483647;
			files = (
				0DC1BC151D75CE60006039A4 /* libNoiseObjC.framework in Frameworks */,
			);
			runOnlyForDeploymentPostprocessing = 0;
		};
		0DC1BBE91D75CE38006039A4 /* Frameworks */ = {
			isa = PBXFrameworksBuildPhase;
			buildActionMask = 2147483647;
			files = (
			);
			runOnlyForDeploymentPostprocessing = 0;
		};
		0DC1BBFC1D75CE60006039A4 /* Frameworks */ = {
			isa = PBXFrameworksBuildPhase;
			buildActionMask = 2147483647;
			files = (
			);
			runOnlyForDeploymentPostprocessing = 0;
		};
		0DC1BC061D75CE60006039A4 /* Frameworks */ = {
			isa = PBXFrameworksBuildPhase;
			buildActionMask = 2147483647;
			files = (
				0DC1BC0A1D75CE60006039A4 /* libNoiseObjC.framework in Frameworks */,
			);
			runOnlyForDeploymentPostprocessing = 0;
		};
/* End PBXFrameworksBuildPhase section */

/* Begin PBXGroup section */
		0DC1BBCA1D75CE35006039A4 = {
			isa = PBXGroup;
			children = (
				0DC1BBD51D75CE36006039A4 /* libNoiseDemo */,
				0DC1BBEF1D75CE38006039A4 /* libNoiseDemoTests */,
				0DC1BC011D75CE60006039A4 /* libNoiseObjC */,
				0DC1BC0F1D75CE60006039A4 /* libNoiseObjCTests */,
				0DC1BBD41D75CE35006039A4 /* Products */,
			);
			sourceTree = "<group>";
		};
		0DC1BBD41D75CE35006039A4 /* Products */ = {
			isa = PBXGroup;
			children = (
				0DC1BBD31D75CE35006039A4 /* libNoiseDemo.app */,
				0DC1BBEC1D75CE38006039A4 /* libNoiseDemoTests.xctest */,
				0DC1BC001D75CE60006039A4 /* libNoiseObjC.framework */,
				0DC1BC091D75CE60006039A4 /* libNoiseObjCTests.xctest */,
			);
			name = Products;
			sourceTree = "<group>";
		};
		0DC1BBD51D75CE36006039A4 /* libNoiseDemo */ = {
			isa = PBXGroup;
			children = (
				0DC1BBD91D75CE36006039A4 /* AppDelegate.h */,
				0DC1BBDA1D75CE36006039A4 /* AppDelegate.m */,
				0DC1BBDC1D75CE36006039A4 /* ViewController.h */,
				0DC1BBDD1D75CE36006039A4 /* ViewController.m */,
				0DC1BBDF1D75CE36006039A4 /* Main.storyboard */,
				0DC1BBE21D75CE36006039A4 /* Assets.xcassets */,
				0DC1BBE41D75CE36006039A4 /* LaunchScreen.storyboard */,
				0DC1BBE71D75CE36006039A4 /* Info.plist */,
				0DC1BBD61D75CE36006039A4 /* Supporting Files */,
			);
			path = libNoiseDemo;
			sourceTree = "<group>";
		};
		0DC1BBD61D75CE36006039A4 /* Supporting Files */ = {
			isa = PBXGroup;
			children = (
				0DC1BBD71D75CE36006039A4 /* main.m */,
			);
			name = "Supporting Files";
			sourceTree = "<group>";
		};
		0DC1BBEF1D75CE38006039A4 /* libNoiseDemoTests */ = {
			isa = PBXGroup;
			children = (
				0DC1BBF01D75CE38006039A4 /* libNoiseDemoTests.m */,
				0DC1BBF21D75CE38006039A4 /* Info.plist */,
			);
			path = libNoiseDemoTests;
			sourceTree = "<group>";
		};
		0DC1BC011D75CE60006039A4 /* libNoiseObjC */ = {
			isa = PBXGroup;
			children = (
				0DC1BC021D75CE60006039A4 /* libNoiseObjC.h */,
				0DC1BC041D75CE60006039A4 /* Info.plist */,
			);
			path = libNoiseObjC;
			sourceTree = "<group>";
		};
		0DC1BC0F1D75CE60006039A4 /* libNoiseObjCTests */ = {
			isa = PBXGroup;
			children = (
				0DC1BC101D75CE60006039A4 /* libNoiseObjCTests.m */,
				0DC1BC121D75CE60006039A4 /* Info.plist */,
			);
			path = libNoiseObjCTests;
			sourceTree = "<group>";
		};
/* End PBXGroup section */

/* Begin PBXHeadersBuildPhase section */
		0DC1BBFD1D75CE60006039A4 /* Headers */ = {
			isa = PBXHeadersBuildPhase;
			buildActionMask = 2147483647;
			files = (
				0DC1BC031D75CE60006039A4 /* libNoiseObjC.h in Headers */,
			);
			runOnlyForDeploymentPostprocessing = 0;
		};
/* End PBXHeadersBuildPhase section */

/* Begin PBXNativeTarget section */
		0DC1BBD21D75CE35006039A4 /* libNoiseDemo */ = {
			isa = PBXNativeTarget;
			buildConfigurationList = 0DC1BBF51D75CE38006039A4 /* Build configuration list for PBXNativeTarget "libNoiseDemo" */;
			buildPhases = (
				0DC1BBCF1D75CE35006039A4 /* Sources */,
				0DC1BBD01D75CE35006039A4 /* Frameworks */,
				0DC1BBD11D75CE35006039A4 /* Resources */,
				0DC1BC1A1D75CE60006039A4 /* Embed Frameworks */,
			);
			buildRules = (
			);
			dependencies = (
				0DC1BC141D75CE60006039A4 /* PBXTargetDependency */,
			);
			name = libNoiseDemo;
			productName = libNoiseDemo;
			productReference = 0DC1BBD31D75CE35006039A4 /* libNoiseDemo.app */;
			productType = "com.apple.product-type.application";
		};
		0DC1BBEB1D75CE38006039A4 /* libNoiseDemoTests */ = {
			isa = PBXNativeTarget;
			buildConfigurationList = 0DC1BBF81D75CE38006039A4 /* Build configuration list for PBXNativeTarget "libNoiseDemoTests" */;
			buildPhases = (
				0DC1BBE81D75CE38006039A4 /* Sources */,
				0DC1BBE91D75CE38006039A4 /* Frameworks */,
				0DC1BBEA1D75CE38006039A4 /* Resources */,
			);
			buildRules = (
			);
			dependencies = (
				0DC1BBEE1D75CE38006039A4 /* PBXTargetDependency */,
			);
			name = libNoiseDemoTests;
			productName = libNoiseDemoTests;
			productReference = 0DC1BBEC1D75CE38006039A4 /* libNoiseDemoTests.xctest */;
			productType = "com.apple.product-type.bundle.unit-test";
		};
		0DC1BBFF1D75CE60006039A4 /* libNoiseObjC */ = {
			isa = PBXNativeTarget;
			buildConfigurationList = 0DC1BC171D75CE60006039A4 /* Build configuration list for PBXNativeTarget "libNoiseObjC" */;
			buildPhases = (
				0DC1BBFB1D75CE60006039A4 /* Sources */,
				0DC1BBFC1D75CE60006039A4 /* Frameworks */,
				0DC1BBFD1D75CE60006039A4 /* Headers */,
				0DC1BBFE1D75CE60006039A4 /* Resources */,
			);
			buildRules = (
			);
			dependencies = (
			);
			name = libNoiseObjC;
			productName = libNoiseObjC;
			productReference = 0DC1BC001D75CE60006039A4 /* libNoiseObjC.framework */;
			productType = "com.apple.product-type.framework";
		};
		0DC1BC081D75CE60006039A4 /* libNoiseObjCTests */ = {
			isa = PBXNativeTarget;
			buildConfigurationList = 0DC1BC1B1D75CE60006039A4 /* Build configuration list for PBXNativeTarget "libNoiseObjCTests" */;
			buildPhases = (
				0DC1BC051D75CE60006039A4 /* Sources */,
				0DC1BC061D75CE60006039A4 /* Frameworks */,
				0DC1BC071D75CE60006039A4 /* Resources */,
			);
			buildRules = (
			);
			dependencies = (
				0DC1BC0C1D75CE60006039A4 /* PBXTargetDependency */,
				0DC1BC0E1D75CE60006039A4 /* PBXTargetDependency */,
			);
			name = libNoiseObjCTests;
			productName = libNoiseObjCTests;
			productReference = 0DC1BC091D75CE60006039A4 /* libNoiseObjCTests.xctest */;
			productType = "com.apple.product-type.bundle.unit-test";
		};
/* End PBXNativeTarget section */

/* Begin PBXProject section */
		0DC1BBCB1D75CE35006039A4 /* Project object */ = {
			isa = PBXProject;
			attributes = {
				LastUpgradeCheck = 0730;
				ORGANIZATIONNAME = JustZht;
				TargetAttributes = {
					0DC1BBD21D75CE35006039A4 = {
						CreatedOnToolsVersion = 7.3.1;
					};
					0DC1BBEB1D75CE38006039A4 = {
						CreatedOnToolsVersion = 7.3.1;
						TestTargetID = 0DC1BBD21D75CE35006039A4;
					};
					0DC1BBFF1D75CE60006039A4 = {
						CreatedOnToolsVersion = 7.3.1;
					};
					0DC1BC081D75CE60006039A4 = {
						CreatedOnToolsVersion = 7.3.1;
						TestTargetID = 0DC1BBD21D75CE35006039A4;
					};
				};
			};
			buildConfigurationList = 0DC1BBCE1D75CE35006039A4 /* Build configuration list for PBXProject "libNoiseDemo" */;
			compatibilityVersion = "Xcode 3.2";
			developmentRegion = English;
			hasScannedForEncodings = 0;
			knownRegions = (
				en,
				Base,
			);
			mainGroup = 0DC1BBCA1D75CE35006039A4;
			productRefGroup = 0DC1BBD41D75CE35006039A4 /* Products */;
			projectDirPath = "";
			projectRoot = "";
			targets = (
				0DC1BBD21D75CE35006039A4 /* libNoiseDemo */,
				0DC1BBEB1D75CE38006039A4 /* libNoiseDemoTests */,
				0DC1BBFF1D75CE60006039A4 /* libNoiseObjC */,
				0DC1BC081D75CE60006039A4 /* libNoiseObjCTests */,
			);
		};
/* End PBXProject section */

/* Begin PBXResourcesBuildPhase section */
		0DC1BBD11D75CE35006039A4 /* Resources */ = {
			isa = PBXResourcesBuildPhase;
			buildActionMask = 2147483647;
			files = (
				0DC1BBE61D75CE36006039A4 /* LaunchScreen.storyboard in Resources */,
				0DC1BBE31D75CE36006039A4 /* Assets.xcassets in Resources */,
				0DC1BBE11D75CE36006039A4 /* Main.storyboard in Resources */,
			);
			runOnlyForDeploymentPostprocessing = 0;
		};
		0DC1BBEA1D75CE38006039A4 /* Resources */ = {
			isa = PBXResourcesBuildPhase;
			buildActionMask = 2147483647;
			files = (
			);
			runOnlyForDeploymentPostprocessing = 0;
		};
		0DC1BBFE1D75CE60006039A4 /* Resources */ = {
			isa = PBXResourcesBuildPhase;
			buildActionMask = 2147483647;
			files = (
			);
			runOnlyForDeploymentPostprocessing = 0;
		};
		0DC1BC071D75CE60006039A4 /* Resources */ = {
			isa = PBXResourcesBuildPhase;
			buildActionMask = 2147483647;
			files = (
			);
			runOnlyForDeploymentPostprocessing = 0;
		};
/* End PBXResourcesBuildPhase section */

/* Begin PBXSourcesBuildPhase section */
		0DC1BBCF1D75CE35006039A4 /* Sources */ = {
			isa = PBXSourcesBuildPhase;
			buildActionMask = 2147483647;
			files = (
				0DC1BBDE1D75CE36006039A4 /* ViewController.m in Sources */,
				0DC1BBDB1D75CE36006039A4 /* AppDelegate.m in Sources */,
				0DC1BBD81D75CE36006039A4 /* main.m in Sources */,
			);
			runOnlyForDeploymentPostprocessing = 0;
		};
		0DC1BBE81D75CE38006039A4 /* Sources */ = {
			isa = PBXSourcesBuildPhase;
			buildActionMask = 2147483647;
			files = (
				0DC1BBF11D75CE38006039A4 /* libNoiseDemoTests.m in Sources */,
			);
			runOnlyForDeploymentPostprocessing = 0;
		};
		0DC1BBFB1D75CE60006039A4 /* Sources */ = {
			isa = PBXSourcesBuildPhase;
			buildActionMask = 2147483647;
			files = (
			);
			runOnlyForDeploymentPostprocessing = 0;
		};
		0DC1BC051D75CE60006039A4 /* Sources */ = {
			isa = PBXSourcesBuildPhase;
			buildActionMask = 2147483647;
			files = (
				0DC1BC111D75CE60006039A4 /* libNoiseObjCTests.m in Sources */,
			);
			runOnlyForDeploymentPostprocessing = 0;
		};
/* End PBXSourcesBuildPhase section */

/* Begin PBXTargetDependency section */
		0DC1BBEE1D75CE38006039A4 /* PBXTargetDependency */ = {
			isa = PBXTargetDependency;
			target = 0DC1BBD21D75CE35006039A4 /* libNoiseDemo */;
			targetProxy = 0DC1BBED1D75CE38006039A4 /* PBXContainerItemProxy */;
		};
		0DC1BC0C1D75CE60006039A4 /* PBXTargetDependency */ = {
			isa = PBXTargetDependency;
			target = 0DC1BBFF1D75CE60006039A4 /* libNoiseObjC */;
			targetProxy = 0DC1BC0B1D75CE60006039A4 /* PBXContainerItemProxy */;
		};
		0DC1BC0E1D75CE60006039A4 /* PBXTargetDependency */ = {
			isa = PBXTargetDependency;
			target = 0DC1BBD21D75CE35006039A4 /* libNoiseDemo */;
			targetProxy = 0DC1BC0D1D75CE60006039A4 /* PBXContainerItemProxy */;
		};
		0DC1BC141D75CE60006039A4 /* PBXTargetDependency */ = {
			isa = PBXTargetDependency;
			target = 0DC1BBFF1D75CE60006039A4 /* libNoiseObjC */;
			targetProxy = 0DC1BC131D75CE60006039A4 /* PBXContainerItemProxy */;
		};
/* End PBXTargetDependency section */

/* Begin PBXVariantGroup section */
		0DC1BBDF1D75CE36006039A4 /* Main.storyboard */ = {
			isa = PBXVariantGroup;
			children = (
				0DC1BBE01D75CE36006039A4 /* Base */,
			);
			name = Main.storyboard;
			sourceTree = "<group>";
		};
		0DC1BBE41D75CE36006039A4 /* LaunchScreen.storyboard */ = {
			isa = PBXVariantGroup;
			children = (
				0DC1BBE51D75CE36006039A4 /* Base */,
			);
			name = LaunchScreen.storyboard;
			sourceTree = "<group>";
		};
/* End PBXVariantGroup section */

/* Begin XCBuildConfiguration section */
		0DC1BBF31D75CE38006039A4 /* Debug */ = {
			isa = XCBuildConfiguration;
			buildSettings = {
				ALWAYS_SEARCH_USER_PATHS = NO;
				CLANG_ANALYZER_NONNULL = YES;
				CLANG_CXX_LANGUAGE_STANDARD = "gnu++0x";
				CLANG_CXX_LIBRARY = "libc++";
				CLANG_ENABLE_MODULES = YES;
				CLANG_ENABLE_OBJC_ARC = YES;
				CLANG_WARN_BOOL_CONVERSION = YES;
				CLANG_WARN_CONSTANT_CONVERSION = YES;
				CLANG_WARN_DIRECT_OBJC_ISA_USAGE = YES_ERROR;
				CLANG_WARN_EMPTY_BODY = YES;
				CLANG_WARN_ENUM_CONVERSION = YES;
				CLANG_WARN_INT_CONVERSION = YES;
				CLANG_WARN_OBJC_ROOT_CLASS = YES_ERROR;
				CLANG_WARN_UNREACHABLE_CODE = YES;
				CLANG_WARN__DUPLICATE_METHOD_MATCH = YES;
				"CODE_SIGN_IDENTITY[sdk=iphoneos*]" = "iPhone Developer";
				COPY_PHASE_STRIP = NO;
				DEBUG_INFORMATION_FORMAT = dwarf;
				ENABLE_STRICT_OBJC_MSGSEND = YES;
				ENABLE_TESTABILITY = YES;
				GCC_C_LANGUAGE_STANDARD = gnu99;
				GCC_DYNAMIC_NO_PIC = NO;
				GCC_NO_COMMON_BLOCKS = YES;
				GCC_OPTIMIZATION_LEVEL = 0;
				GCC_PREPROCESSOR_DEFINITIONS = (
					"DEBUG=1",
					"$(inherited)",
				);
				GCC_WARN_64_TO_32_BIT_CONVERSION = YES;
				GCC_WARN_ABOUT_RETURN_TYPE = YES_ERROR;
				GCC_WARN_UNDECLARED_SELECTOR = YES;
				GCC_WARN_UNINITIALIZED_AUTOS = YES_AGGRESSIVE;
				GCC_WARN_UNUSED_FUNCTION = YES;
				GCC_WARN_UNUSED_VARIABLE = YES;
				IPHONEOS_DEPLOYMENT_TARGET = 9.3;
				MTL_ENABLE_DEBUG_INFO = YES;
				ONLY_ACTIVE_ARCH = YES;
				SDKROOT = iphoneos;
				TARGETED_DEVICE_FAMILY = "1,2";
			};
			name = Debug;
		};
		0DC1BBF41D75CE38006039A4 /* Release */ = {
			isa = XCBuildConfiguration;
			buildSettings = {
				ALWAYS_SEARCH_USER_PATHS = NO;
				CLANG_ANALYZER_NONNULL = YES;
				CLANG_CXX_LANGUAGE_STANDARD = "gnu++0x";
				CLANG_CXX_LIBRARY = "libc++";
				CLANG_ENABLE_MODULES = YES;
				CLANG_ENABLE_OBJC_ARC = YES;
				CLANG_WARN_BOOL_CONVERSION = YES;
				CLANG_WARN_CONSTANT_CONVERSION = YES;
				CLANG_WARN_DIRECT_OBJC_ISA_USAGE = YES_ERROR;
				CLANG_WARN_EMPTY_BODY = YES;
				CLANG_WARN_ENUM_CONVERSION = YES;
				CLANG_WARN_INT_CONVERSION = YES;
				CLANG_WARN_OBJC_ROOT_CLASS = YES_ERROR;
				CLANG_WARN_UNREACHABLE_CODE = YES;
				CLANG_WARN__DUPLICATE_METHOD_MATCH = YES;
				"CODE_SIGN_IDENTITY[sdk=iphoneos*]" = "iPhone Developer";
				COPY_PHASE_STRIP = NO;
				DEBUG_INFORMATION_FORMAT = "dwarf-with-dsym";
				ENABLE_NS_ASSERTIONS = NO;
				ENABLE_STRICT_OBJC_MSGSEND = YES;
				GCC_C_LANGUAGE_STANDARD = gnu99;
				GCC_NO_COMMON_BLOCKS = YES;
				GCC_WARN_64_TO_32_BIT_CONVERSION = YES;
				GCC_WARN_ABOUT_RETURN_TYPE = YES_ERROR;
				GCC_WARN_UNDECLARED_SELECTOR = YES;
				GCC_WARN_UNINITIALIZED_AUTOS = YES_AGGRESSIVE;
				GCC_WARN_UNUSED_FUNCTION = YES;
				GCC_WARN_UNUSED_VARIABLE = YES;
				IPHONEOS_DEPLOYMENT_TARGET = 9.3;
				MTL_ENABLE_DEBUG_INFO = NO;
				SDKROOT = iphoneos;
				TARGETED_DEVICE_FAMILY = "1,2";
				VALIDATE_PRODUCT = YES;
			};
			name = Release;
		};
		0DC1BBF61D75CE38006039A4 /* Debug */ = {
			isa = XCBuildConfiguration;
			buildSettings = {
				ASSETCATALOG_COMPILER_APPICON_NAME = AppIcon;
				INFOPLIST_FILE = libNoiseDemo/Info.plist;
				LD_RUNPATH_SEARCH_PATHS = "$(inherited) @executable_path/Frameworks";
				PRODUCT_BUNDLE_IDENTIFIER = com.JustZht.libNoiseDemo;
				PRODUCT_NAME = "$(TARGET_NAME)";
			};
			name = Debug;
		};
		0DC1BBF71D75CE38006039A4 /* Release */ = {
			isa = XCBuildConfiguration;
			buildSettings = {
				ASSETCATALOG_COMPILER_APPICON_NAME = AppIcon;
				INFOPLIST_FILE = libNoiseDemo/Info.plist;
				LD_RUNPATH_SEARCH_PATHS = "$(inherited) @executable_path/Frameworks";
				PRODUCT_BUNDLE_IDENTIFIER = com.JustZht.libNoiseDemo;
				PRODUCT_NAME = "$(TARGET_NAME)";
			};
			name = Release;
		};
		0DC1BBF91D75CE38006039A4 /* Debug */ = {
			isa = XCBuildConfiguration;
			buildSettings = {
				BUNDLE_LOADER = "$(TEST_HOST)";
				INFOPLIST_FILE = libNoiseDemoTests/Info.plist;
				LD_RUNPATH_SEARCH_PATHS = "$(inherited) @executable_path/Frameworks @loader_path/Frameworks";
				PRODUCT_BUNDLE_IDENTIFIER = com.JustZht.libNoiseDemoTests;
				PRODUCT_NAME = "$(TARGET_NAME)";
				TEST_HOST = "$(BUILT_PRODUCTS_DIR)/libNoiseDemo.app/libNoiseDemo";
			};
			name = Debug;
		};
		0DC1BBFA1D75CE38006039A4 /* Release */ = {
			isa = XCBuildConfiguration;
			buildSettings = {
				BUNDLE_LOADER = "$(TEST_HOST)";
				INFOPLIST_FILE = libNoiseDemoTests/Info.plist;
				LD_RUNPATH_SEARCH_PATHS = "$(inherited) @executable_path/Frameworks @loader_path/Frameworks";
				PRODUCT_BUNDLE_IDENTIFIER = com.JustZht.libNoiseDemoTests;
				PRODUCT_NAME = "$(TARGET_NAME)";
				TEST_HOST = "$(BUILT_PRODUCTS_DIR)/libNoiseDemo.app/libNoiseDemo";
			};
			name = Release;
		};
		0DC1BC181D75CE60006039A4 /* Debug */ = {
			isa = XCBuildConfiguration;
			buildSettings = {
				CURRENT_PROJECT_VERSION = 1;
				DEFINES_MODULE = YES;
				DYLIB_COMPATIBILITY_VERSION = 1;
				DYLIB_CURRENT_VERSION = 1;
				DYLIB_INSTALL_NAME_BASE = "@rpath";
				INFOPLIST_FILE = libNoiseObjC/Info.plist;
				INSTALL_PATH = "$(LOCAL_LIBRARY_DIR)/Frameworks";
				LD_RUNPATH_SEARCH_PATHS = "$(inherited) @executable_path/Frameworks @loader_path/Frameworks";
				PRODUCT_BUNDLE_IDENTIFIER = com.JustZht.libNoiseObjC;
				PRODUCT_NAME = "$(TARGET_NAME)";
				SKIP_INSTALL = YES;
				VERSIONING_SYSTEM = "apple-generic";
				VERSION_INFO_PREFIX = "";
			};
			name = Debug;
		};
		0DC1BC191D75CE60006039A4 /* Release */ = {
			isa = XCBuildConfiguration;
			buildSettings = {
				CURRENT_PROJECT_VERSION = 1;
				DEFINES_MODULE = YES;
				DYLIB_COMPATIBILITY_VERSION = 1;
				DYLIB_CURRENT_VERSION = 1;
				DYLIB_INSTALL_NAME_BASE = "@rpath";
				INFOPLIST_FILE = libNoiseObjC/Info.plist;
				INSTALL_PATH = "$(LOCAL_LIBRARY_DIR)/Frameworks";
				LD_RUNPATH_SEARCH_PATHS = "$(inherited) @executable_path/Frameworks @loader_path/Frameworks";
				PRODUCT_BUNDLE_IDENTIFIER = com.JustZht.libNoiseObjC;
				PRODUCT_NAME = "$(TARGET_NAME)";
				SKIP_INSTALL = YES;
				VERSIONING_SYSTEM = "apple-generic";
				VERSION_INFO_PREFIX = "";
			};
			name = Release;
		};
		0DC1BC1C1D75CE60006039A4 /* Debug */ = {
			isa = XCBuildConfiguration;
			buildSettings = {
				INFOPLIST_FILE = libNoiseObjCTests/Info.plist;
				LD_RUNPATH_SEARCH_PATHS = "$(inherited) @executable_path/Frameworks @loader_path/Frameworks";
				PRODUCT_BUNDLE_IDENTIFIER = com.JustZht.libNoiseObjCTests;
				PRODUCT_NAME = "$(TARGET_NAME)";
				TEST_HOST = "$(BUILT_PRODUCTS_DIR)/libNoiseDemo.app/libNoiseDemo";
			};
			name = Debug;
		};
		0DC1BC1D1D75CE60006039A4 /* Release */ = {
			isa = XCBuildConfiguration;
			buildSettings = {
				INFOPLIST_FILE = libNoiseObjCTests/Info.plist;
				LD_RUNPATH_SEARCH_PATHS = "$(inherited) @executable_path/Frameworks @loader_path/Frameworks";
				PRODUCT_BUNDLE_IDENTIFIER = com.JustZht.libNoiseObjCTests;
				PRODUCT_NAME = "$(TARGET_NAME)";
				TEST_HOST = "$(BUILT_PRODUCTS_DIR)/libNoiseDemo.app/libNoiseDemo";
			};
			name = Release;
		};
/* End XCBuildConfiguration section */

/* Begin XCConfigurationList section */
		0DC1BBCE1D75CE35006039A4 /* Build configuration list for PBXProject "libNoiseDemo" */ = {
			isa = XCConfigurationList;
			buildConfigurations = (
				0DC1BBF31D75CE38006039A4 /* Debug */,
				0DC1BBF41D75CE38006039A4 /* Release */,
			);
			defaultConfigurationIsVisible = 0;
			defaultConfigurationName = Release;
		};
		0DC1BBF51D75CE38006039A4 /* Build configuration list for PBXNativeTarget "libNoiseDemo" */ = {
			isa = XCConfigurationList;
			buildConfigurations = (
				0DC1BBF61D75CE38006039A4 /* Debug */,
				0DC1BBF71D75CE38006039A4 /* Release */,
			);
			defaultConfigurationIsVisible = 0;
		};
		0DC1BBF81D75CE38006039A4 /* Build configuration list for PBXNativeTarget "libNoiseDemoTests" */ = {
			isa = XCConfigurationList;
			buildConfigurations = (
				0DC1BBF91D75CE38006039A4 /* Debug */,
				0DC1BBFA1D75CE38006039A4 /* Release */,
			);
			defaultConfigurationIsVisible = 0;
		};
		0DC1BC171D75CE60006039A4 /* Build configuration list for PBXNativeTarget "libNoiseObjC" */ = {
			isa = XCConfigurationList;
			buildConfigurations = (
				0DC1BC181D75CE60006039A4 /* Debug */,
				0DC1BC191D75CE60006039A4 /* Release */,
			);
			defaultConfigurationIsVisible = 0;
		};
		0DC1BC1B1D75CE60006039A4 /* Build configuration list for PBXNativeTarget "libNoiseObjCTests" */ = {
			isa = XCConfigurationList;
			buildConfigurations = (
				0DC1BC1C1D75CE60006039A4 /* Debug */,
				0DC1BC1D1D75CE60006039A4 /* Release */,
			);
			defaultConfigurationIsVisible = 0;
		};
/* End XCConfigurationList section */
	};
	rootObject = 0DC1BBCB1D75CE35006039A4 /* Project object */;
}
